
Microsoft Visual Studio Solution File, Format Version 12.00
# Visual Studio 15
VisualStudioVersion = 15.0.28307.572
MinimumVisualStudioVersion = 10.0.40219.1
Project("{FAE04EC0-301F-11D3-BF4B-00C04F79EFBC}") = "SocialASPNET", "SocialASPNET\SocialASPNET.csproj", "{78DB964C-40EC-4CCF-A80F-70D2746C63D2}"
EndProject
Global
	GlobalSection(SolutionConfigurationPlatforms) = preSolution
		Debug|Any CPU = Debug|Any CPU
		Release|Any CPU = Release|Any CPU
	EndGlobalSection
	GlobalSection(ProjectConfigurationPlatforms) = postSolution
		{78DB964C-40EC-4CCF-A80F-70D2746C63D2}.Debug|Any CPU.ActiveCfg = Debug|Any CPU
		{78DB964C-40EC-4CCF-A80F-70D2746C63D2}.Debug|Any CPU.Build.0 = Debug|Any CPU
		{78DB964C-40EC-4CCF-A80F-70D2746C63D2}.Release|Any CPU.ActiveCfg = Release|Any CPU
		{78DB964C-40EC-4CCF-A80F-70D2746C63D2}.Release|Any CPU.Build.0 = Release|Any CPU
	EndGlobalSection
	GlobalSection(SolutionProperties) = preSolution
		HideSolutionNode = FALSE
	EndGlobalSection
	GlobalSection(ExtensibilityGlobals) = postSolution
		SolutionGuid = {81C5EA0E-B922-436D-802D-37BD4FA77F49}
	EndGlobalSection
EndGlobal
